
Microsoft Visual Studio Solution File, Format Version 12.00
# Visual Studio Version 16
VisualStudioVersion = 16.0.31321.278
MinimumVisualStudioVersion = 10.0.40219.1
Project("{FAE04EC0-301F-11D3-BF4B-00C04F79EFBC}") = "WineStarIOS.iOS", "WineStarIOS\WineStarIOS.iOS\WineStarIOS.iOS.csproj", "{2B1928C1-0D58-48AC-9989-0656ABC518DE}"
EndProject
Project("{FAE04EC0-301F-11D3-BF4B-00C04F79EFBC}") = "WineStarIOS", "WineStarIOS\WineStarIOS\WineStarIOS.csproj", "{19990A0D-B751-4FBD-A88F-2576BCA42F52}"
EndProject
Global
	GlobalSection(SolutionConfigurationPlatforms) = preSolution
		Debug|Any CPU = Debug|Any CPU
		Debug|iPhone = Debug|iPhone
		Debug|iPhoneSimulator = Debug|iPhoneSimulator
		Release|Any CPU = Release|Any CPU
		Release|iPhone = Release|iPhone
		Release|iPhoneSimulator = Release|iPhoneSimulator
	EndGlobalSection
	GlobalSection(ProjectConfigurationPlatforms) = postSolution
		{2B1928C1-0D58-48AC-9989-0656ABC518DE}.Debug|Any CPU.ActiveCfg = Debug|iPhoneSimulator
		{2B1928C1-0D58-48AC-9989-0656ABC518DE}.Debug|Any CPU.Build.0 = Debug|iPhoneSimulator
		{2B1928C1-0D58-48AC-9989-0656ABC518DE}.Debug|Any CPU.Deploy.0 = Debug|iPhoneSimulator
		{2B1928C1-0D58-48AC-9989-0656ABC518DE}.Debug|iPhone.ActiveCfg = Debug|iPhone
		{2B1928C1-0D58-48AC-9989-0656ABC518DE}.Debug|iPhone.Build.0 = Debug|iPhone
		{2B1928C1-0D58-48AC-9989-0656ABC518DE}.Debug|iPhone.Deploy.0 = Debug|iPhone
		{2B1928C1-0D58-48AC-9989-0656ABC518DE}.Debug|iPhoneSimulator.ActiveCfg = Debug|iPhoneSimulator
		{2B1928C1-0D58-48AC-9989-0656ABC518DE}.Debug|iPhoneSimulator.Build.0 = Debug|iPhoneSimulator
		{2B1928C1-0D58-48AC-9989-0656ABC518DE}.Debug|iPhoneSimulator.Deploy.0 = Debug|iPhoneSimulator
		{2B1928C1-0D58-48AC-9989-0656ABC518DE}.Release|Any CPU.ActiveCfg = Release|iPhoneSimulator
		{2B1928C1-0D58-48AC-9989-0656ABC518DE}.Release|Any CPU.Build.0 = Release|iPhoneSimulator
		{2B1928C1-0D58-48AC-9989-0656ABC518DE}.Release|Any CPU.Deploy.0 = Release|iPhoneSimulator
		{2B1928C1-0D58-48AC-9989-0656ABC518DE}.Release|iPhone.ActiveCfg = Release|iPhone
		{2B1928C1-0D58-48AC-9989-0656ABC518DE}.Release|iPhone.Build.0 = Release|iPhone
		{2B1928C1-0D58-48AC-9989-0656ABC518DE}.Release|iPhone.Deploy.0 = Release|iPhone
		{2B1928C1-0D58-48AC-9989-0656ABC518DE}.Release|iPhoneSimulator.ActiveCfg = Release|iPhoneSimulator
		{2B1928C1-0D58-48AC-9989-0656ABC518DE}.Release|iPhoneSimulator.Build.0 = Release|iPhoneSimulator
		{2B1928C1-0D58-48AC-9989-0656ABC518DE}.Release|iPhoneSimulator.Deploy.0 = Release|iPhoneSimulator
		{19990A0D-B751-4FBD-A88F-2576BCA42F52}.Debug|Any CPU.ActiveCfg = Debug|Any CPU
		{19990A0D-B751-4FBD-A88F-2576BCA42F52}.Debug|Any CPU.Build.0 = Debug|Any CPU
		{19990A0D-B751-4FBD-A88F-2576BCA42F52}.Debug|Any CPU.Deploy.0 = Debug|Any CPU
		{19990A0D-B751-4FBD-A88F-2576BCA42F52}.Debug|iPhone.ActiveCfg = Debug|Any CPU
		{19990A0D-B751-4FBD-A88F-2576BCA42F52}.Debug|iPhone.Build.0 = Debug|Any CPU
		{19990A0D-B751-4FBD-A88F-2576BCA42F52}.Debug|iPhone.Deploy.0 = Debug|Any CPU
		{19990A0D-B751-4FBD-A88F-2576BCA42F52}.Debug|iPhoneSimulator.ActiveCfg = Debug|Any CPU
		{19990A0D-B751-4FBD-A88F-2576BCA42F52}.Debug|iPhoneSimulator.Build.0 = Debug|Any CPU
		{19990A0D-B751-4FBD-A88F-2576BCA42F52}.Debug|iPhoneSimulator.Deploy.0 = Debug|Any CPU
		{19990A0D-B751-4FBD-A88F-2576BCA42F52}.Release|Any CPU.ActiveCfg = Release|Any CPU
		{19990A0D-B751-4FBD-A88F-2576BCA42F52}.Release|Any CPU.Build.0 = Release|Any CPU
		{19990A0D-B751-4FBD-A88F-2576BCA42F52}.Release|Any CPU.Deploy.0 = Release|Any CPU
		{19990A0D-B751-4FBD-A88F-2576BCA42F52}.Release|iPhone.ActiveCfg = Release|Any CPU
		{19990A0D-B751-4FBD-A88F-2576BCA42F52}.Release|iPhone.Build.0 = Release|Any CPU
		{19990A0D-B751-4FBD-A88F-2576BCA42F52}.Release|iPhone.Deploy.0 = Release|Any CPU
		{19990A0D-B751-4FBD-A88F-2576BCA42F52}.Release|iPhoneSimulator.ActiveCfg = Release|Any CPU
		{19990A0D-B751-4FBD-A88F-2576BCA42F52}.Release|iPhoneSimulator.Build.0 = Release|Any CPU
		{19990A0D-B751-4FBD-A88F-2576BCA42F52}.Release|iPhoneSimulator.Deploy.0 = Release|Any CPU
	EndGlobalSection
	GlobalSection(SolutionProperties) = preSolution
		HideSolutionNode = FALSE
	EndGlobalSection
	GlobalSection(ExtensibilityGlobals) = postSolution
		SolutionGuid = {D051ADBE-855F-4D07-BED4-E2513E50C2DF}
	EndGlobalSection
EndGlobal
